
Microsoft Visual Studio Solution File, Format Version 11.00
# Visual Studio 2010
Project("{8BC9CEB8-8B4A-11D0-8D11-00A0C91BC942}") = "git_test", "git_test\git_test.vcxproj", "{33AA1918-47BE-478B-AFC3-9BECE7274281}"
EndProject
Project("{8BC9CEB8-8B4A-11D0-8D11-00A0C91BC942}") = "sifttest", "sifttest\sifttest.vcxproj", "{543C6A69-0D55-44DA-9D8F-82054A3DCC84}"
EndProject
Global
	GlobalSection(SolutionConfigurationPlatforms) = preSolution
		Debug|Win32 = Debug|Win32
		Release|Win32 = Release|Win32
	EndGlobalSection
	GlobalSection(ProjectConfigurationPlatforms) = postSolution
		{33AA1918-47BE-478B-AFC3-9BECE7274281}.Debug|Win32.ActiveCfg = Debug|Win32
		{33AA1918-47BE-478B-AFC3-9BECE7274281}.Debug|Win32.Build.0 = Debug|Win32
		{33AA1918-47BE-478B-AFC3-9BECE7274281}.Release|Win32.ActiveCfg = Release|Win32
		{33AA1918-47BE-478B-AFC3-9BECE7274281}.Release|Win32.Build.0 = Release|Win32
		{543C6A69-0D55-44DA-9D8F-82054A3DCC84}.Debug|Win32.ActiveCfg = Debug|Win32
		{543C6A69-0D55-44DA-9D8F-82054A3DCC84}.Debug|Win32.Build.0 = Debug|Win32
		{543C6A69-0D55-44DA-9D8F-82054A3DCC84}.Release|Win32.ActiveCfg = Release|Win32
		{543C6A69-0D55-44DA-9D8F-82054A3DCC84}.Release|Win32.Build.0 = Release|Win32
	EndGlobalSection
	GlobalSection(SolutionProperties) = preSolution
		HideSolutionNode = FALSE
	EndGlobalSection
EndGlobal
